
Microsoft Visual Studio Solution File, Format Version 12.00
# Visual Studio Version 16
VisualStudioVersion = 16.0.31410.357
MinimumVisualStudioVersion = 10.0.40219.1
Project("{FAE04EC0-301F-11D3-BF4B-00C04F79EFBC}") = "eShopSolution.WebApp", "eShopSolution.WebApp\eShopSolution.WebApp.csproj", "{E28ECB5E-2EC1-42B9-9291-0AFB517450D3}"
EndProject
Global
	GlobalSection(SolutionConfigurationPlatforms) = preSolution
		Debug|Any CPU = Debug|Any CPU
		Release|Any CPU = Release|Any CPU
	EndGlobalSection
	GlobalSection(ProjectConfigurationPlatforms) = postSolution
		{E28ECB5E-2EC1-42B9-9291-0AFB517450D3}.Debug|Any CPU.ActiveCfg = Debug|Any CPU
		{E28ECB5E-2EC1-42B9-9291-0AFB517450D3}.Debug|Any CPU.Build.0 = Debug|Any CPU
		{E28ECB5E-2EC1-42B9-9291-0AFB517450D3}.Release|Any CPU.ActiveCfg = Release|Any CPU
		{E28ECB5E-2EC1-42B9-9291-0AFB517450D3}.Release|Any CPU.Build.0 = Release|Any CPU
	EndGlobalSection
	GlobalSection(SolutionProperties) = preSolution
		HideSolutionNode = FALSE
	EndGlobalSection
	GlobalSection(ExtensibilityGlobals) = postSolution
		SolutionGuid = {39FABF7B-D054-4E8E-A664-C1E5E3970338}
	EndGlobalSection
EndGlobal
